
Microsoft Visual Studio Solution File, Format Version 12.00
# Visual Studio Version 17
VisualStudioVersion = 17.9.34714.143
MinimumVisualStudioVersion = 10.0.40219.1
Project("{FAE04EC0-301F-11D3-BF4B-00C04F79EFBC}") = "CollisionDetectionSystem", "CollisionDetectionSystem\CollisionDetectionSystem.csproj", "{17E0B90D-2BD8-4BEE-9C27-01EB9282E0FF}"
EndProject
Global
	GlobalSection(SolutionConfigurationPlatforms) = preSolution
		Debug|Any CPU = Debug|Any CPU
		Release|Any CPU = Release|Any CPU
	EndGlobalSection
	GlobalSection(ProjectConfigurationPlatforms) = postSolution
		{17E0B90D-2BD8-4BEE-9C27-01EB9282E0FF}.Debug|Any CPU.ActiveCfg = Debug|Any CPU
		{17E0B90D-2BD8-4BEE-9C27-01EB9282E0FF}.Debug|Any CPU.Build.0 = Debug|Any CPU
		{17E0B90D-2BD8-4BEE-9C27-01EB9282E0FF}.Release|Any CPU.ActiveCfg = Release|Any CPU
		{17E0B90D-2BD8-4BEE-9C27-01EB9282E0FF}.Release|Any CPU.Build.0 = Release|Any CPU
	EndGlobalSection
	GlobalSection(SolutionProperties) = preSolution
		HideSolutionNode = FALSE
	EndGlobalSection
	GlobalSection(ExtensibilityGlobals) = postSolution
		SolutionGuid = {0C9D325F-3139-4574-BC69-75276AD37E0E}
	EndGlobalSection
EndGlobal
